
Microsoft Visual Studio Solution File, Format Version 12.00
# Visual Studio 2012
Project("{FAE04EC0-301F-11D3-BF4B-00C04F79EFBC}") = "SimShift", "SimShift\SimShift.csproj", "{4B79AB62-2794-43A8-9710-32731CDAFA72}"
EndProject
Project("{FAE04EC0-301F-11D3-BF4B-00C04F79EFBC}") = "SimShift.MapTool", "SimShift.Map\SimShift.MapTool.csproj", "{BFC2FB74-143A-4278-B7F3-943F60803345}"
EndProject
Global
	GlobalSection(SolutionConfigurationPlatforms) = preSolution
		Debug|Any CPU = Debug|Any CPU
		Debug|Mixed Platforms = Debug|Mixed Platforms
		Debug|x86 = Debug|x86
		Release|Any CPU = Release|Any CPU
		Release|Mixed Platforms = Release|Mixed Platforms
		Release|x86 = Release|x86
	EndGlobalSection
	GlobalSection(ProjectConfigurationPlatforms) = postSolution
		{4B79AB62-2794-43A8-9710-32731CDAFA72}.Debug|Any CPU.ActiveCfg = Debug|x86
		{4B79AB62-2794-43A8-9710-32731CDAFA72}.Debug|Mixed Platforms.ActiveCfg = Debug|x86
		{4B79AB62-2794-43A8-9710-32731CDAFA72}.Debug|Mixed Platforms.Build.0 = Debug|x86
		{4B79AB62-2794-43A8-9710-32731CDAFA72}.Debug|x86.ActiveCfg = Debug|x86
		{4B79AB62-2794-43A8-9710-32731CDAFA72}.Debug|x86.Build.0 = Debug|x86
		{4B79AB62-2794-43A8-9710-32731CDAFA72}.Release|Any CPU.ActiveCfg = Release|x86
		{4B79AB62-2794-43A8-9710-32731CDAFA72}.Release|Mixed Platforms.ActiveCfg = Release|x86
		{4B79AB62-2794-43A8-9710-32731CDAFA72}.Release|Mixed Platforms.Build.0 = Release|x86
		{4B79AB62-2794-43A8-9710-32731CDAFA72}.Release|x86.ActiveCfg = Release|x86
		{4B79AB62-2794-43A8-9710-32731CDAFA72}.Release|x86.Build.0 = Release|x86
		{BFC2FB74-143A-4278-B7F3-943F60803345}.Debug|Any CPU.ActiveCfg = Debug|Any CPU
		{BFC2FB74-143A-4278-B7F3-943F60803345}.Debug|Any CPU.Build.0 = Debug|Any CPU
		{BFC2FB74-143A-4278-B7F3-943F60803345}.Debug|Mixed Platforms.ActiveCfg = Debug|Any CPU
		{BFC2FB74-143A-4278-B7F3-943F60803345}.Debug|Mixed Platforms.Build.0 = Debug|Any CPU
		{BFC2FB74-143A-4278-B7F3-943F60803345}.Debug|x86.ActiveCfg = Debug|Any CPU
		{BFC2FB74-143A-4278-B7F3-943F60803345}.Release|Any CPU.ActiveCfg = Release|Any CPU
		{BFC2FB74-143A-4278-B7F3-943F60803345}.Release|Any CPU.Build.0 = Release|Any CPU
		{BFC2FB74-143A-4278-B7F3-943F60803345}.Release|Mixed Platforms.ActiveCfg = Release|Any CPU
		{BFC2FB74-143A-4278-B7F3-943F60803345}.Release|Mixed Platforms.Build.0 = Release|Any CPU
		{BFC2FB74-143A-4278-B7F3-943F60803345}.Release|x86.ActiveCfg = Release|Any CPU
	EndGlobalSection
	GlobalSection(SolutionProperties) = preSolution
		HideSolutionNode = FALSE
	EndGlobalSection
	GlobalSection(Performance) = preSolution
		HasPerformanceSessions = true
	EndGlobalSection
EndGlobal
